# THIS IS AN AUTOGENERATED FILE. DO NOT EDIT THIS FILE DIRECTLY.
# yarn lockfile v1


"@viperfe/evernote@^2.0.5":
  version "2.0.5"
  resolved "https://registry.npmmirror.com/@viperfe/evernote/-/evernote-2.0.5.tgz#8776e66f0ec5d0700cbb9d94a12fd1fcf75ca7fd"
  integrity sha512-abRHDTthOuYuFsJxkvoqXZT+sMjKXypF4NxFTgUvxUevgNhYg8Gk6D/yPrxwM5G6aLopJB8ihBOMGRZdXCTbnA==
  dependencies:
    oauth "^0.9.14"

oauth@^0.9.14:
  version "0.9.15"
  resolved "https://registry.npmmirror.com/oauth/-/oauth-0.9.15.tgz#bd1fefaf686c96b75475aed5196412ff60cfb9c1"
  integrity sha512-a5ERWK1kh38ExDEfoO6qUHJb32rd7aYmPHuyCu3Fta/cnICvYmgd2uhuKXvPD+PXB+gCEYYEaQdIRAjCOwAKNA==
