# THIS IS AN AUTOGENERATED FILE. DO NOT EDIT THIS FILE DIRECTLY.
# yarn lockfile v1


evernote@^2.0.5:
  version "2.0.5"
  resolved "https://registry.npmmirror.com/evernote/-/evernote-2.0.5.tgz#187f979b450d93d54190d852c69494e48e677e23"
  integrity sha512-DuOk3t9HKwkxZBaZU1Mz8vmZSEM2LVI3eLdML90Is3+8WlPwpYcLeo4z+eklT8NUGD3GA6oOnlP+6e0z0rDX1Q==
  dependencies:
    oauth "^0.9.14"

oauth@^0.9.14:
  version "0.9.15"
  resolved "https://registry.npmmirror.com/oauth/-/oauth-0.9.15.tgz#bd1fefaf686c96b75475aed5196412ff60cfb9c1"
  integrity sha512-a5ERWK1kh38ExDEfoO6qUHJb32rd7aYmPHuyCu3Fta/cnICvYmgd2uhuKXvPD+PXB+gCEYYEaQdIRAjCOwAKNA==
